
Microsoft Visual Studio Solution File, Format Version 12.00
# Visual Studio Version 16
VisualStudioVersion = 16.0.31410.357
MinimumVisualStudioVersion = 10.0.40219.1
Project("{FAE04EC0-301F-11D3-BF4B-00C04F79EFBC}") = "EnumerableLesson", "EnumerableLesson\EnumerableLesson.csproj", "{15E8C3A3-6728-4076-9030-F46C46822C90}"
EndProject
Global
	GlobalSection(SolutionConfigurationPlatforms) = preSolution
		Debug|Any CPU = Debug|Any CPU
		Release|Any CPU = Release|Any CPU
	EndGlobalSection
	GlobalSection(ProjectConfigurationPlatforms) = postSolution
		{15E8C3A3-6728-4076-9030-F46C46822C90}.Debug|Any CPU.ActiveCfg = Debug|Any CPU
		{15E8C3A3-6728-4076-9030-F46C46822C90}.Debug|Any CPU.Build.0 = Debug|Any CPU
		{15E8C3A3-6728-4076-9030-F46C46822C90}.Release|Any CPU.ActiveCfg = Release|Any CPU
		{15E8C3A3-6728-4076-9030-F46C46822C90}.Release|Any CPU.Build.0 = Release|Any CPU
	EndGlobalSection
	GlobalSection(SolutionProperties) = preSolution
		HideSolutionNode = FALSE
	EndGlobalSection
	GlobalSection(ExtensibilityGlobals) = postSolution
		SolutionGuid = {41E63951-46EF-482A-9ED5-988BABEAAC69}
	EndGlobalSection
EndGlobal
